
Microsoft Visual Studio Solution File, Format Version 12.00
# Visual Studio Version 17
VisualStudioVersion = 17.8.34525.116
MinimumVisualStudioVersion = 10.0.40219.1
Project("{FAE04EC0-301F-11D3-BF4B-00C04F79EFBC}") = "MultipleUserLoginForm", "MultipleUserLoginForm.csproj", "{379CD304-2895-4D76-8AF6-B467ACE010F7}"
EndProject
Global
	GlobalSection(SolutionConfigurationPlatforms) = preSolution
		Debug|Any CPU = Debug|Any CPU
		Release|Any CPU = Release|Any CPU
	EndGlobalSection
	GlobalSection(ProjectConfigurationPlatforms) = postSolution
		{379CD304-2895-4D76-8AF6-B467ACE010F7}.Debug|Any CPU.ActiveCfg = Debug|Any CPU
		{379CD304-2895-4D76-8AF6-B467ACE010F7}.Debug|Any CPU.Build.0 = Debug|Any CPU
		{379CD304-2895-4D76-8AF6-B467ACE010F7}.Release|Any CPU.ActiveCfg = Release|Any CPU
		{379CD304-2895-4D76-8AF6-B467ACE010F7}.Release|Any CPU.Build.0 = Release|Any CPU
	EndGlobalSection
	GlobalSection(SolutionProperties) = preSolution
		HideSolutionNode = FALSE
	EndGlobalSection
	GlobalSection(ExtensibilityGlobals) = postSolution
		SolutionGuid = {08D59444-B5AB-4193-ACFA-A996A5200567}
	EndGlobalSection
EndGlobal
